
Microsoft Visual Studio Solution File, Format Version 12.00
# Visual Studio 2013
VisualStudioVersion = 12.0.21005.1
MinimumVisualStudioVersion = 10.0.40219.1
Project("{FAE04EC0-301F-11D3-BF4B-00C04F79EFBC}") = "StudeskAPI", "StudeskAPI\StudeskAPI.csproj", "{17A3114F-2A07-4517-8DE0-D892339B031D}"
EndProject
Project("{FAE04EC0-301F-11D3-BF4B-00C04F79EFBC}") = "StudeskDAL", "StudeskDAL\StudeskDAL.csproj", "{6D88FAC6-D5D5-449F-B1A7-FC07E1213F33}"
EndProject
Global
	GlobalSection(SolutionConfigurationPlatforms) = preSolution
		Debug|Any CPU = Debug|Any CPU
		Release|Any CPU = Release|Any CPU
	EndGlobalSection
	GlobalSection(ProjectConfigurationPlatforms) = postSolution
		{17A3114F-2A07-4517-8DE0-D892339B031D}.Debug|Any CPU.ActiveCfg = Debug|Any CPU
		{17A3114F-2A07-4517-8DE0-D892339B031D}.Debug|Any CPU.Build.0 = Debug|Any CPU
		{17A3114F-2A07-4517-8DE0-D892339B031D}.Release|Any CPU.ActiveCfg = Release|Any CPU
		{17A3114F-2A07-4517-8DE0-D892339B031D}.Release|Any CPU.Build.0 = Release|Any CPU
		{6D88FAC6-D5D5-449F-B1A7-FC07E1213F33}.Debug|Any CPU.ActiveCfg = Debug|Any CPU
		{6D88FAC6-D5D5-449F-B1A7-FC07E1213F33}.Debug|Any CPU.Build.0 = Debug|Any CPU
		{6D88FAC6-D5D5-449F-B1A7-FC07E1213F33}.Release|Any CPU.ActiveCfg = Release|Any CPU
		{6D88FAC6-D5D5-449F-B1A7-FC07E1213F33}.Release|Any CPU.Build.0 = Release|Any CPU
	EndGlobalSection
	GlobalSection(SolutionProperties) = preSolution
		HideSolutionNode = FALSE
	EndGlobalSection
EndGlobal
